{
  "version": 2,
  "dependencies": {
    "net10.0": {
      "AsyncImageLoader.Avalonia": {
        "type": "Direct",
        "requested": "[3.8.0, )",
        "resolved": "3.8.0",
        "contentHash": "5cFMhM7MUD7w3rH+n5pWyVR82loEFuFqANQ/EDDRg0lRKc91PoSq/4vro/ixW/ZQ1TYnXAD6jXRoTjcce2fbUg==",
        "dependencies": {
          "Avalonia": "12.0.0"
        }
      },
      "Avalonia": {
        "type": "Direct",
        "requested": "[12.0.2, )",
        "resolved": "12.0.2",
        "contentHash": "852xwfNNAUWE+aKWFackMALAKofcpKnM2g4PN8VKfxG1SO8Stlih7d6QFCbjQl46vuR9WBw/ZVGwn4Ovbj/oxQ==",
        "dependencies": {
          "Avalonia.BuildServices": "11.3.2",
          "Avalonia.Remote.Protocol": "12.0.2",
          "MicroCom.Runtime": "0.11.4"
        }
      },
      "Avalonia.Controls.DataGrid": {
        "type": "Direct",
        "requested": "[12.0.0, )",
        "resolved": "12.0.0",
        "contentHash": "pQ9NiviIoxbZ7fiD/KTdoEHRgdKibKtx8Low3nTrU6ZbvULtesuB65aLL/umjibsGMhzPOveqs/om98QAA5FMg==",
        "dependencies": {
          "Avalonia": "12.0.0"
        }
      },
      "Avalonia.Desktop": {
        "type": "Direct",
        "requested": "[12.0.2, )",
        "resolved": "12.0.2",
        "contentHash": "7Hs7AsEoLh4UHNZnwaAZ5d4db2X0BjdLePuev526tm2ZJIOZGLUxKHvY1GcrWIDO9NBw4Iu3WXBUvsFPZ6vXlQ==",
        "dependencies": {
          "Avalonia": "12.0.2",
          "Avalonia.HarfBuzz": "12.0.2",
          "Avalonia.Native": "12.0.2",
          "Avalonia.Skia": "12.0.2",
          "Avalonia.Win32": "12.0.2",
          "Avalonia.X11": "12.0.2"
        }
      },
      "Avalonia.ReactiveUI": {
        "type": "Direct",
        "requested": "[11.3.9, )",
        "resolved": "11.3.9",
        "contentHash": "Butgdd/wqpZ9QFHAaoOC8qOMTryYoIPeCXrXrV6qf5At4lCEkqcmAe1pRmdqpgeA4e4t19tjbXMElKj28jmhPg==",
        "dependencies": {
          "Avalonia": "11.3.9",
          "ReactiveUI": "20.1.1",
          "System.Reactive": "6.0.1"
        }
      },
      "Avalonia.Themes.Fluent": {
        "type": "Direct",
        "requested": "[12.0.2, )",
        "resolved": "12.0.2",
        "contentHash": "uEDLnrS7flCulIjWHnW6eiPiUqjxxAOh76suASMpQ0pJ+kntTEua5R1VcIulwZff79ArMqTVPejf7u0cxlVI2A==",
        "dependencies": {
          "Avalonia": "12.0.2"
        }
      },
      "Huskui.Avalonia": {
        "type": "Direct",
        "requested": "[1.1.3, )",
        "resolved": "1.1.3",
        "contentHash": "WeeGwedRqUyOB7yJETU57js3Tiuo5LUt6ag3DB4Jpaqk3DASWqU7pNTVEYMr27XS3tTayu4gEraDqzpCA1H6wA==",
        "dependencies": {
          "Avalonia": "12.0.2",
          "FluentIcons.Avalonia": "2.1.325",
          "JetBrains.Annotations": "2025.2.4"
        }
      },
      "Huskui.Avalonia.Markdown": {
        "type": "Direct",
        "requested": "[1.1.3, )",
        "resolved": "1.1.3",
        "contentHash": "DC3KkJXRNlqliDNt4cVobma6EBF/hXBzHxLG3TCy44N1rqoW28VmNyMoaptfKoORs6p1phtWGT3xHyK4CLDYog==",
        "dependencies": {
          "AsyncImageLoader.Avalonia": "3.8.0",
          "Huskui.Avalonia": "1.1.3",
          "Huskui.Avalonia.Code": "1.1.3",
          "Markdig": "1.1.3"
        }
      },
      "Optris.Icons.Avalonia": {
        "type": "Direct",
        "requested": "[12.0.6, )",
        "resolved": "12.0.6",
        "contentHash": "UN5g1yr0tbhDivEB4LCQT2yDr/MTCBRwfrQYYb4fE4AxJIDuTsswSDa3BNtpaYGcLL+LyREwf1Uyo6dD32wlbg==",
        "dependencies": {
          "Avalonia": "12.0.1"
        }
      },
      "Optris.Icons.Avalonia.FontAwesome": {
        "type": "Direct",
        "requested": "[12.0.6, )",
        "resolved": "12.0.6",
        "contentHash": "vQJdckCzoecLPnTqr9zpG5KcqI0UH4sqCQH753w7E93iN2krIg16Wy6Q25QaAawnngQIwNPDvJCK3uN2x8d+4Q==",
        "dependencies": {
          "Optris.Icons.Avalonia": "12.0.6"
        }
      },
      "Optris.Icons.Avalonia.MaterialDesign": {
        "type": "Direct",
        "requested": "[12.0.6, )",
        "resolved": "12.0.6",
        "contentHash": "xHQVR8nb/l7cBnZbZfhDoKt4ivkF2MTI5Nb+pciHGiwWA0EGdqAlshVmEu3byAfu7OCdVj0l0jFOJegisI68PQ==",
        "dependencies": {
          "Optris.Icons.Avalonia": "12.0.6"
        }
      },
      "Avalonia.Angle.Windows.Natives": {
        "type": "Transitive",
        "resolved": "2.1.25547.20250602",
        "contentHash": "ZL0VLc4s9rvNNFt19Pxm5UNAkmKNylugAwJPX9ulXZ6JWs/l6XZihPWWTyezaoNOVyEPU8YbURtW7XMAtqXH5A=="
      },
      "Avalonia.BuildServices": {
        "type": "Transitive",
        "resolved": "11.3.2",
        "contentHash": "qHDToxto1e3hci5YqbG9n0Ty8mlp3zBUN5wT66wKqaDVzXyQ0do3EnRILd4Ke9jpvsktaPpgE0YjEk7hornryQ=="
      },
      "Avalonia.FreeDesktop": {
        "type": "Transitive",
        "resolved": "12.0.2",
        "contentHash": "KHionmetHeH7g4M653eNPD+GKFHTpX0xd6daBt+Gj03Y9ztEjD4B/P34bCrG81f+KK8evcx3ZygAC79O4M05GQ==",
        "dependencies": {
          "Avalonia": "12.0.2",
          "Tmds.DBus.Protocol": "0.92.0"
        }
      },
      "Avalonia.FreeDesktop.AtSpi": {
        "type": "Transitive",
        "resolved": "12.0.2",
        "contentHash": "tuo8ry4mFhns6p31RHvCTineppfc8cI0i6J8ifEnmQ5FSHVATTna1tBjyi26ri8qPEX6nmcVgifKTewfpZEMmw==",
        "dependencies": {
          "Avalonia": "12.0.2"
        }
      },
      "Avalonia.HarfBuzz": {
        "type": "Transitive",
        "resolved": "12.0.2",
        "contentHash": "HGqFe/HmWHQGvwtji7827/RDtEgQxvm3zdnCFl/P6XAwnqek8MoJpnISRTid76XzTBDtNlVqp7qjOujSIE0QCw==",
        "dependencies": {
          "Avalonia": "12.0.2",
          "HarfBuzzSharp": "8.3.1.3",
          "HarfBuzzSharp.NativeAssets.Linux": "8.3.1.3",
          "HarfBuzzSharp.NativeAssets.WebAssembly": "8.3.1.3"
        }
      },
      "Avalonia.Native": {
        "type": "Transitive",
        "resolved": "12.0.2",
        "contentHash": "ar8S5eXQY8ttZ3YG5dbtinbC2ltybJU89iwgkpAlLKkV3V7u+4ZXX13o6ilplVyd1lVVSfXgOMvfSMnKQm02Bg==",
        "dependencies": {
          "Avalonia": "12.0.2"
        }
      },
      "Avalonia.Remote.Protocol": {
        "type": "Transitive",
        "resolved": "12.0.2",
        "contentHash": "mlKTvn0cAEQVkRMJunLzDNugZRbtZIksT5yu+XgcAlOvqTHGyZY+mGP+4/+1IwakZx9nrz6SGwI5yrzNT5g0TQ=="
      },
      "Avalonia.Skia": {
        "type": "Transitive",
        "resolved": "12.0.2",
        "contentHash": "rtnB7M3VymQY4ErpPMot37bNoZ67mTk4tCb1mJjQCnTkCYgTx/o0yDvPPBFgLZAmcmHp00BxT5w12GkXTQjDMQ==",
        "dependencies": {
          "Avalonia": "12.0.2",
          "HarfBuzzSharp": "8.3.1.3",
          "HarfBuzzSharp.NativeAssets.Linux": "8.3.1.3",
          "HarfBuzzSharp.NativeAssets.WebAssembly": "8.3.1.3",
          "SkiaSharp": "3.119.4-preview.1.1",
          "SkiaSharp.NativeAssets.Linux": "3.119.4-preview.1.1",
          "SkiaSharp.NativeAssets.WebAssembly": "3.119.4-preview.1.1"
        }
      },
      "Avalonia.Win32": {
        "type": "Transitive",
        "resolved": "12.0.2",
        "contentHash": "gVUm4hyUvrFlocL0ycPZGAiN2TQhTv7vTa1I2nRkq/G/h6b5hKNoURjGfnZnXuPK3OnRENGPJjvZ+A9+0d5Jsg==",
        "dependencies": {
          "Avalonia": "12.0.2",
          "Avalonia.Angle.Windows.Natives": "2.1.25547.20250602"
        }
      },
      "Avalonia.X11": {
        "type": "Transitive",
        "resolved": "12.0.2",
        "contentHash": "FXFYfqjYYUAWqtgxEQl1cUWsH61GwTUojbRWURfmPAGcYYbm+2djrSOki5ppzAKKcm5lOmjoafYaeti39bSGQA==",
        "dependencies": {
          "Avalonia": "12.0.2",
          "Avalonia.FreeDesktop": "12.0.2",
          "Avalonia.FreeDesktop.AtSpi": "12.0.2",
          "Avalonia.Skia": "12.0.2"
        }
      },
      "DynamicData": {
        "type": "Transitive",
        "resolved": "8.4.1",
        "contentHash": "Mn1+fU/jqxgONEJq8KLQPGWEi7g/hUVTbjZyn4QM0sWWDAVOHPO9WjXWORSykwdfg/6S3GM15qsfz+2EvO+QAQ==",
        "dependencies": {
          "System.Reactive": "6.0.0"
        }
      },
      "FluentIcons.Avalonia": {
        "type": "Transitive",
        "resolved": "2.1.325",
        "contentHash": "lNNWdu9yBoG8AnT50rrOCunntw6PccDex6JlR2P+YI5ptdmRe8L5x1kzel07L08E9IA208HwohpQ7ORniu8SMw==",
        "dependencies": {
          "Avalonia": "12.0.0",
          "FluentIcons.Common": "[2.1.325]",
          "FluentIcons.Resources.Avalonia": "[2.0.325]"
        }
      },
      "FluentIcons.Common": {
        "type": "Transitive",
        "resolved": "2.1.325",
        "contentHash": "aM9/X5pYZ+QTR+7E8M13nHQlLVQrUFav2WVB3Y1RnTu3/S4fN4ElvmdkUJ6/7krwtJE/2g8bbHZ1AscM2DBvxw=="
      },
      "FluentIcons.Resources.Avalonia": {
        "type": "Transitive",
        "resolved": "2.0.325",
        "contentHash": "nXpgWLLwlzcoA1RgRcKOjUr/HywlPdiRU0HcWblj8DQsF8w+Mt0v+M6Q6yzq3eUC7o+qcaVjQphnDkFm24088A==",
        "dependencies": {
          "Avalonia": "11.0.0",
          "FluentIcons.Common": "[2.1.325]"
        }
      },
      "GisDeflate": {
        "type": "Transitive",
        "resolved": "1.0.2",
        "contentHash": "BTaJnzsy4Blbw7uBtaiTrQ6gI31L8EMKXi6HRHc+PkkCF26Fz9QzoDm/GURZrxPuLZfJmRLOo1/V347OJYkifA=="
      },
      "HarfBuzzSharp": {
        "type": "Transitive",
        "resolved": "8.3.1.3",
        "contentHash": "NGZ2+ZVNPM+NdHB/asW0/ykWngyHWwcqjrbN2nDeH1B/aptPGlCUl8wkQ2cSJxw5fdWgdmIPmNuTPWpLwNVXWg==",
        "dependencies": {
          "HarfBuzzSharp.NativeAssets.Win32": "8.3.1.3",
          "HarfBuzzSharp.NativeAssets.macOS": "8.3.1.3"
        }
      },
      "HarfBuzzSharp.NativeAssets.Linux": {
        "type": "Transitive",
        "resolved": "8.3.1.3",
        "contentHash": "RI6A1LgmooU30+4QIyFt5rmBCzP0VzTR+587IJSGvYIsHHWlahFufihYxtraLfsIhW7I8dn6+xX+DZGygOPKWQ=="
      },
      "HarfBuzzSharp.NativeAssets.macOS": {
        "type": "Transitive",
        "resolved": "8.3.1.3",
        "contentHash": "KPTq0xnslkI6nAo0jh3ptcQPJvZZr7MWYXa2jUe4SnHc9q+JlHElmNXp0sfFoiTgoCX7WOYpYsurypuH9Gehxw=="
      },
      "HarfBuzzSharp.NativeAssets.WebAssembly": {
        "type": "Transitive",
        "resolved": "8.3.1.3",
        "contentHash": "w2QfdNm9Uz/sUa0B5D+OnVQhyq3G/fBq6ibQMdWBlQqqwh0g0/5j3RFvYqZAmRZ5+RzvjVe8o8SFFnWYUSkuxA=="
      },
      "HarfBuzzSharp.NativeAssets.Win32": {
        "type": "Transitive",
        "resolved": "8.3.1.3",
        "contentHash": "bx8CE8Js+XGX8PUxAHCBDEORt5aaBYtMN4Hr9QFs57Xithh6yjUyYqksizH6eRDhJkwsGI+SXWmPmMm8lZC9Pw=="
      },
      "Hexa.NET.OpenGL.Core": {
        "type": "Transitive",
        "resolved": "1.1.0",
        "contentHash": "+5IBPMgnvmTV+BnYWgYIiPEJedR7ry52OH7zBqvb5simbZiudcFz181UQz4rLHnHz0af0xatC7EIva69FSM7uA==",
        "dependencies": {
          "HexaGen.Runtime": "1.1.14",
          "Ultz.Bcl.Half": "1.0.0"
        }
      },
      "HexaGen.Runtime": {
        "type": "Transitive",
        "resolved": "1.1.24",
        "contentHash": "1P5IA09EL514OeKGyJ3mSI5F9MGAId27CoSR0SzVz3Jj6m/7tn/GdONoWEUYacRSc41y+CbR6tVGcZNAldsehA=="
      },
      "Huskui.Avalonia.Code": {
        "type": "Transitive",
        "resolved": "1.1.3",
        "contentHash": "RoyPLmiSPG5dAuZjfQXutKdKfdZVDQVW26ptdd32eyh8KOgxrSpApRBD8zX73JjZDDpRTpn1xcVAp4ivxGvZew==",
        "dependencies": {
          "Huskui.Avalonia": "1.1.3",
          "TextMateSharp.Grammars": "2.0.3"
        }
      },
      "JetBrains.Annotations": {
        "type": "Transitive",
        "resolved": "2025.2.4",
        "contentHash": "TwbgxAkXxY+vNEhNVx/QXjJ4vqxmepOjsgRvvImQPbHkHMMb4W+ahL3laMsxXKtNT7iMy+E1B3xkqao2hf1n3A=="
      },
      "Markdig": {
        "type": "Transitive",
        "resolved": "1.1.3",
        "contentHash": "wboYc6YToID7koq+onej7rjd/kv4urZaZ4QMiJoF/jXt/ZlXe2Af9gWG4nOe5tk654UaOPYvKL64iFum7qWEYA=="
      },
      "MicroCom.Runtime": {
        "type": "Transitive",
        "resolved": "0.11.4",
        "contentHash": "yZ8+Lgwo+KtRI29TB2mIOEMzV+csMJ+pKZg4YHReAP3vRewWLKKeYfrBDo5FS69rWnEbCfU3sbM+ZEQr+GDLtg=="
      },
      "Microsoft.CodeAnalysis.Analyzers": {
        "type": "Transitive",
        "resolved": "5.3.0-2.25625.1",
        "contentHash": "4Yhh2fnu3G+J0J1lDc8WZVgMjgbynSeTfkl5IFJMFrmiIO0sc7Tjx+f3sFVV8Sd35PrIUWfof0RWc3lAMl7Azg=="
      },
      "Microsoft.CodeAnalysis.Common": {
        "type": "Transitive",
        "resolved": "5.3.0",
        "contentHash": "uC0qk3jzTQY7i90ehfnCqaOZpBUGJyPMiHJ3c0jOb8yaPBjWzIhVdNxPbeVzI74DB0C+YgBKPLqUkgFZzua5Mg==",
        "dependencies": {
          "Microsoft.CodeAnalysis.Analyzers": "5.3.0-2.25625.1"
        }
      },
      "Microsoft.NETCore.Platforms": {
        "type": "Transitive",
        "resolved": "1.1.0",
        "contentHash": "kz0PEW2lhqygehI/d6XsPCQzD7ff7gUJaVGPVETX611eadGsA3A877GdSlU0LRVMCTH/+P3o2iDTak+S08V2+A=="
      },
      "Microsoft.Win32.SystemEvents": {
        "type": "Transitive",
        "resolved": "7.0.0",
        "contentHash": "2nXPrhdAyAzir0gLl8Yy8S5Mnm/uBSQQA7jEsILOS1MTyS7DbmV1NgViMtvV1sfCD1ebITpNwb1NIinKeJgUVQ=="
      },
      "NETStandard.Library": {
        "type": "Transitive",
        "resolved": "1.6.1",
        "contentHash": "WcSp3+vP+yHNgS8EV5J7pZ9IRpeDuARBPN28by8zqff1wJQXm26PVU8L3/fYLBJVU7BtDyqNVWq2KlCVvSSR4A==",
        "dependencies": {
          "Microsoft.NETCore.Platforms": "1.1.0"
        }
      },
      "NuGet.Versioning": {
        "type": "Transitive",
        "resolved": "6.14.0",
        "contentHash": "4v4blkhCv8mpKtfx+z0G/X0daVCzdIaHSC51GkUspugi5JIMn2Bo8xm5PdZYF0U68gOBfz/+aPWMnpRd85Jbow=="
      },
      "Onigwrap": {
        "type": "Transitive",
        "resolved": "1.0.10",
        "contentHash": "eujNEpEhCl4UiqHTG0CeG/sWS8v/iYXGqUpaVkgBmYRZp3Utmz/aw38fuFL2rcnhj1FNfHwHaxGDeLY34a3nEA=="
      },
      "ReactiveUI": {
        "type": "Transitive",
        "resolved": "20.1.1",
        "contentHash": "9hNPknWjijnaSWs6auypoXqUptPZcRpUypF+cf1zD50fgW+SEoQda502N3fVZ2eWPcaiUad+z6GaLwOWmUVHNw==",
        "dependencies": {
          "DynamicData": "8.4.1",
          "Splat": "15.1.1",
          "System.ComponentModel.Annotations": "5.0.0"
        }
      },
      "SkiaSharp": {
        "type": "Transitive",
        "resolved": "3.119.4-preview.1.1",
        "contentHash": "cyRjWksj/SwFWo7uPfpFk0sOPyUcE+FhF6ENFc3Q100sdJWHEA2nU1PcEeT7LsLFKBvDP/67q0A8vEXc4kvXnA==",
        "dependencies": {
          "SkiaSharp.NativeAssets.Win32": "3.119.4-preview.1.1",
          "SkiaSharp.NativeAssets.macOS": "3.119.4-preview.1.1"
        }
      },
      "SkiaSharp.NativeAssets.Linux": {
        "type": "Transitive",
        "resolved": "3.119.4-preview.1.1",
        "contentHash": "rZEnNkds7UWOWCCsi//v3VQ7MWbhqn83J1mCzl9069N1Zza7SXufVvsvpI4qJYUHaRx8ZhAaL0yi3zlKoXaUJw=="
      },
      "SkiaSharp.NativeAssets.macOS": {
        "type": "Transitive",
        "resolved": "3.119.4-preview.1.1",
        "contentHash": "77gyFnZD0uU12ABgI6pe8Iw2GRBYGryMP4EaHFs7fniffthVT5sf4PTug4ytwNzLKkVDiLobEpIvAJAj3UXwEw=="
      },
      "SkiaSharp.NativeAssets.WebAssembly": {
        "type": "Transitive",
        "resolved": "3.119.4-preview.1.1",
        "contentHash": "IyNI0QRJGl5sT0Dz2rGHBYVmenNoXcOCaC21avrLG5LwkX8ou0PluW2Hgz7NxHxiRL9D0kPmtoYWrr3uxd1NgA=="
      },
      "SkiaSharp.NativeAssets.Win32": {
        "type": "Transitive",
        "resolved": "3.119.4-preview.1.1",
        "contentHash": "BYwNLG02IAYMsBPgU9lM37xJgCM3B/2X5z1FQEBR34dmn+Hxvcw8X83PInY2rzix7mlbcv7OF8UHjf7yMbsDaA=="
      },
      "Splat": {
        "type": "Transitive",
        "resolved": "15.1.1",
        "contentHash": "RHDTdF90FwVbRia2cmuIzkiVoETqnXSB2dDBBi/I35HWXqv4OKGqoMcfcd6obMvO2OmmY5PjU1M62K8LkJafAA=="
      },
      "Sprache": {
        "type": "Transitive",
        "resolved": "2.3.1",
        "contentHash": "Q+mXeiTxiUYG3lKYF6TS82/SyB4F2613Q1yXTMwg4jWGHEEVC3yrzHtNcI4B3qnDI0+eJsezGJ0V+cToUytHWw=="
      },
      "System.ComponentModel.Annotations": {
        "type": "Transitive",
        "resolved": "5.0.0",
        "contentHash": "dMkqfy2el8A8/I76n2Hi1oBFEbG1SfxD2l5nhwXV3XjlnOmwxJlQbYpJH4W51odnU9sARCSAgv7S3CyAFMkpYg=="
      },
      "System.IO.Hashing": {
        "type": "Transitive",
        "resolved": "10.0.8",
        "contentHash": "+dJsbPJ3FyUbTZNplFj0RCKePFizmv6ewDV46JE9q/IVH4c3xTCftHfHelLsAKf0jryIPqgMb5GpS0x7TAY3mg=="
      },
      "System.Reactive": {
        "type": "Transitive",
        "resolved": "6.0.1",
        "contentHash": "rHaWtKDwCi9qJ3ObKo8LHPMuuwv33YbmQi7TcUK1C264V3MFnOr5Im7QgCTdLniztP3GJyeiSg5x8NqYJFqRmg=="
      },
      "TextMateSharp": {
        "type": "Transitive",
        "resolved": "2.0.3",
        "contentHash": "w0wGeqlBi9SYrzxpS1DBcEfiVCs5NY18Yl5YBIsHzXTXQd0OLOh3mP4LRuFvcktR/1MG8nSBHSMJj0rFvrPk+A==",
        "dependencies": {
          "Onigwrap": "1.0.10"
        }
      },
      "TextMateSharp.Grammars": {
        "type": "Transitive",
        "resolved": "2.0.3",
        "contentHash": "qkI1ogusuyGCGTgeyhljDM+GEfATOexoUTqLIgSb5P0ojmfhRXWfSTRXXJRpZkLDErShJ7RWOb+p10lHfhhO+Q==",
        "dependencies": {
          "TextMateSharp": "2.0.3"
        }
      },
      "Tmds.DBus.Protocol": {
        "type": "Transitive",
        "resolved": "0.92.0",
        "contentHash": "h7IMakm0PF2jxiagoysoAjrzzLQ0UBdnSXQL5kb17YW0Fvyo12Tg96A99QkzwktWRrd7H+Uw9EzjasNLUfGYlA=="
      },
      "TruckLib.Core": {
        "type": "Transitive",
        "resolved": "0.3.0",
        "contentHash": "f3ZniNl2jldv9BvPAnwyWB8Kmy+HTOqUe0jk4ch0pEbMkYE0IiXM5lcAFcwNYfLHDiIGV7jf+wnF6AXosebwXA=="
      },
      "TruckLib.Models": {
        "type": "Transitive",
        "resolved": "0.4.2",
        "contentHash": "QHu3MT8gt6I3aXFqqh42+sVNthaqwu0UZQ4xA30Wz2H3z3Wcj7s6cDuIDqx48IJy93fqFlScjn7WbD6hAufUKA==",
        "dependencies": {
          "TruckLib.Core": "0.3.0"
        }
      },
      "Ultz.Bcl.Half": {
        "type": "Transitive",
        "resolved": "1.0.0",
        "contentHash": "L4b7xAqEmgNgCYBGdyWhemEIazgr0rPhm9sDrrGjym9zJpt8JQx7mtiSGn8QsVM/9H0pL2CRvK1hdbDrTGydXg=="
      },
      "ets2la.audio": {
        "type": "Project",
        "dependencies": {
          "ETS2LA.Logging": "[1.0.0, )",
          "ETS2LA.Settings": "[1.0.0, )",
          "ETS2LA.Shared": "[1.0.0, )",
          "SoundFlow": "[1.4.0, )",
          "SoundFlow.Codecs.FFMpeg": "[1.4.0, )"
        }
      },
      "ets2la.backend": {
        "type": "Project",
        "dependencies": {
          "ETS2LA.Audio": "[1.0.0, )",
          "ETS2LA.Controls": "[1.0.0, )",
          "ETS2LA.Logging": "[1.0.0, )",
          "ETS2LA.Notifications": "[1.0.0, )",
          "ETS2LA.Settings": "[1.0.0, )",
          "ETS2LA.Shared": "[1.0.0, )",
          "Velopack": "[0.0.1298, )"
        }
      },
      "ets2la.controls": {
        "type": "Project",
        "dependencies": {
          "ETS2LA.Logging": "[1.0.0, )",
          "ETS2LA.Settings": "[1.0.0, )",
          "ETS2LA.Shared": "[1.0.0, )",
          "SharpDX": "[4.2.0, )",
          "SharpDX.DirectInput": "[4.2.0, )"
        }
      },
      "ets2la.game": {
        "type": "Project",
        "dependencies": {
          "ETS2LA.Backend": "[1.0.0, )",
          "ETS2LA.Logging": "[1.0.0, )",
          "ETS2LA.Notifications": "[1.0.0, )",
          "ETS2LA.Shared": "[1.0.0, )",
          "ETS2LA.Telemetry": "[1.0.0, )",
          "Microsoft.Extensions.FileSystemGlobbing": "[9.0.10, )",
          "Mono.Options": "[6.12.0.148, )",
          "Newtonsoft.Json": "[13.0.4, )",
          "System.Drawing.Common": "[7.0.0, )",
          "TruckLib": "[0.5.1, )"
        }
      },
      "ets2la.logging": {
        "type": "Project",
        "dependencies": {
          "Spectre.Console": "[0.54.0, )"
        }
      },
      "ets2la.ml": {
        "type": "Project",
        "dependencies": {
          "ETS2LA.Game": "[1.0.0, )",
          "ETS2LA.Logging": "[1.0.0, )",
          "ETS2LA.State": "[1.0.0, )",
          "Hexa.NET.GLFW": "[1.0.5, )",
          "Hexa.NET.ImGui": "[2.2.9, )",
          "Hexa.NET.ImGui.Backends": "[1.0.18, )",
          "Hexa.NET.ImGui.Backends.GLFW": "[1.0.18, )",
          "Hexa.NET.ImPlot": "[2.2.9, )",
          "Hexa.NET.OpenGL3": "[1.1.0, )"
        }
      },
      "ets2la.networking": {
        "type": "Project",
        "dependencies": {
          "ETS2LA.Backend": "[1.0.0, )",
          "ETS2LA.Logging": "[1.0.0, )",
          "ETS2LA.Notifications": "[1.0.0, )",
          "ETS2LA.Settings": "[1.0.0, )",
          "ETS2LA.Shared": "[1.0.0, )",
          "System.Security.Cryptography.ProtectedData": "[10.0.0, )",
          "Velopack": "[0.0.1298, )"
        }
      },
      "ets2la.notifications": {
        "type": "Project",
        "dependencies": {
          "ETS2LA.Logging": "[1.0.0, )"
        }
      },
      "ets2la.overlay": {
        "type": "Project",
        "dependencies": {
          "ETS2LA.Controls": "[1.0.0, )",
          "ETS2LA.Game": "[1.0.0, )",
          "ETS2LA.Logging": "[1.0.0, )",
          "ETS2LA.ML": "[1.0.0, )",
          "ETS2LA.Shared": "[1.0.0, )",
          "ETS2LA.State": "[1.0.0, )",
          "ETS2LA.Telemetry": "[1.0.0, )",
          "Hexa.NET.GLFW": "[1.0.5, )",
          "Hexa.NET.ImGui": "[2.2.9, )",
          "Hexa.NET.ImGui.Backends": "[1.0.18, )",
          "Hexa.NET.ImGui.Backends.GLFW": "[1.0.18, )",
          "Hexa.NET.ImPlot": "[2.2.9, )",
          "Hexa.NET.OpenGL3": "[1.1.0, )"
        }
      },
      "ets2la.settings": {
        "type": "Project"
      },
      "ets2la.shared": {
        "type": "Project",
        "dependencies": {
          "ETS2LA.Logging": "[1.0.0, )",
          "Huskui.Avalonia": "[1.1.3, )"
        }
      },
      "ets2la.state": {
        "type": "Project",
        "dependencies": {
          "ETS2LA.Backend": "[1.0.0, )",
          "ETS2LA.Controls": "[1.0.0, )",
          "ETS2LA.Game": "[1.0.0, )",
          "ETS2LA.Logging": "[1.0.0, )",
          "ETS2LA.Notifications": "[1.0.0, )",
          "ETS2LA.Settings": "[1.0.0, )",
          "ETS2LA.Telemetry": "[1.0.0, )"
        }
      },
      "ets2la.telemetry": {
        "type": "Project",
        "dependencies": {
          "ETS2LA.Logging": "[1.0.0, )",
          "ETS2LA.Settings": "[1.0.0, )"
        }
      },
      "trucklib": {
        "type": "Project",
        "dependencies": {
          "Microsoft.CodeAnalysis.Common": "[5.3.0, )",
          "RBush": "[4.0.0, )",
          "TruckLib.HashFs": "[0.2.6, )",
          "TruckLib.Models": "[0.4.2, )",
          "TruckLib.Sii": "[0.2.1, )"
        }
      },
      "Hexa.NET.GLFW": {
        "type": "CentralTransitive",
        "requested": "[1.0.5, )",
        "resolved": "1.0.5",
        "contentHash": "GriIrx92/cfPZOP9CSc1MhM/MBPpmFoy+tdRsztnqOkdWMAg6uS4RQdcgl2U9DenDQEOj5mmu7SFYhQJUllh3g==",
        "dependencies": {
          "HexaGen.Runtime": "1.1.24"
        }
      },
      "Hexa.NET.ImGui": {
        "type": "CentralTransitive",
        "requested": "[2.2.9, )",
        "resolved": "2.2.9",
        "contentHash": "WFnhZiBZ6UStKqVt43d2hhGCBaJ/TfLRVExnqAO+R3TEbfTQfVjWhcDRUb7n4SvFW7AP9JR8TpCutQZmV62D2A==",
        "dependencies": {
          "HexaGen.Runtime": "1.1.21"
        }
      },
      "Hexa.NET.ImGui.Backends": {
        "type": "CentralTransitive",
        "requested": "[1.0.18, )",
        "resolved": "1.0.18",
        "contentHash": "4yDk002cKRzPXR0IJXnM1uArQZjvnHDEkjQJSGmV5BeKrcQtF9bg1AJqfzzfZehotRZPqFubIyC4roLjxKzARw==",
        "dependencies": {
          "Hexa.NET.ImGui": "2.2.9",
          "HexaGen.Runtime": "1.1.21"
        }
      },
      "Hexa.NET.ImGui.Backends.GLFW": {
        "type": "CentralTransitive",
        "requested": "[1.0.18, )",
        "resolved": "1.0.18",
        "contentHash": "oBlBKkiWKU92wFgNlBqRX/dJlOPjWu0TitolkR6M+l97xHrd82hDnFeQhVy7KN5Vbc77qn+wTPAN0m2FR+zlTg==",
        "dependencies": {
          "Hexa.NET.ImGui": "2.2.9",
          "HexaGen.Runtime": "1.1.21"
        }
      },
      "Hexa.NET.ImPlot": {
        "type": "CentralTransitive",
        "requested": "[2.2.9, )",
        "resolved": "2.2.9",
        "contentHash": "h43uekI9vj1IH87/wq62B9lQQtZ+xEACSc/Wi3HArfNmqYW6UL3D8VYW4fGp6QWyjmJlh/juUHjTiZcbHrH9kg==",
        "dependencies": {
          "Hexa.NET.ImGui": "2.2.9",
          "HexaGen.Runtime": "1.1.21"
        }
      },
      "Hexa.NET.OpenGL3": {
        "type": "CentralTransitive",
        "requested": "[1.1.0, )",
        "resolved": "1.1.0",
        "contentHash": "gl3lmeWO34l116cXH2ZhBXY1XAPGT/deSK1S9gVlYstDLDwUpMg/N9BZcQrDQ/MKngzfCt4jXtIc1lNjwInMzw==",
        "dependencies": {
          "Hexa.NET.OpenGL.Core": "1.1.0",
          "HexaGen.Runtime": "1.1.14",
          "Ultz.Bcl.Half": "1.0.0"
        }
      },
      "Microsoft.Extensions.FileSystemGlobbing": {
        "type": "CentralTransitive",
        "requested": "[9.0.10, )",
        "resolved": "9.0.10",
        "contentHash": "KdZAM2YMYBipVp/4tSEWPLnrocd17SL4iaXdgXjR5/nheBXbfR5QfPWYoTyh6C6IW3uKR7TRMwQr2qCvtaCTiA=="
      },
      "Mono.Options": {
        "type": "CentralTransitive",
        "requested": "[6.12.0.148, )",
        "resolved": "6.12.0.148",
        "contentHash": "kf6bdXnP4IzqIp4bJ1YKPI3/PAcOV6qm4mznChJ3c92zHQUXTWJSp0+h+Cfcii0O6m/EgW7KA+tbCiB2al0DDA=="
      },
      "Newtonsoft.Json": {
        "type": "CentralTransitive",
        "requested": "[13.0.4, )",
        "resolved": "13.0.4",
        "contentHash": "pdgNNMai3zv51W5aq268sujXUyx7SNdE2bj1wZcWjAQrKMFZV260lbqYop1d2GM67JI1huLRwxo9ZqnfF/lC6A=="
      },
      "RBush": {
        "type": "CentralTransitive",
        "requested": "[4.0.0, )",
        "resolved": "4.0.0",
        "contentHash": "j3GeRxxLUQdc+UrZnvythdQxi3bd8ayn87VDjfGXrvfodF550n9wR6SgQvpo+YiAv3GJezsu6lK0l47rRqnbdg=="
      },
      "SharpDX": {
        "type": "CentralTransitive",
        "requested": "[4.2.0, )",
        "resolved": "4.2.0",
        "contentHash": "3pv0LFMvfK/dv1qISJnn8xBeeT6R/FRvr0EV4KI2DGsL84Qlv6P7isWqxGyU0LCwlSVCJN3jgHJ4Bl0KI2PJww==",
        "dependencies": {
          "NETStandard.Library": "1.6.1"
        }
      },
      "SharpDX.DirectInput": {
        "type": "CentralTransitive",
        "requested": "[4.2.0, )",
        "resolved": "4.2.0",
        "contentHash": "is6Lm9zULyeTbUaLXktF+MwzmUYE8jofhA+6qgR1HBIyRJ/c2rZbeG1VvvGf4w6ktfq/q3AvUWTNzwgdU/+XOg==",
        "dependencies": {
          "NETStandard.Library": "1.6.1",
          "SharpDX": "4.2.0"
        }
      },
      "SoundFlow": {
        "type": "CentralTransitive",
        "requested": "[1.4.0, )",
        "resolved": "1.4.0",
        "contentHash": "PVc8NEpwmx16qJdOGRvc7Kpvs/3hNZBuldErmnMQSh9IClAA2UWrafcUIQUxki2GrWB2g71hPSDIUKEo3nRgeA=="
      },
      "SoundFlow.Codecs.FFMpeg": {
        "type": "CentralTransitive",
        "requested": "[1.4.0, )",
        "resolved": "1.4.0",
        "contentHash": "lp+y6joRjqqlR/UFaH4TptforIF2b18O/LXOvuLj/oX6RZy6U8IG8c3Nc1S2aOCX017YtI7yo7kLAZysPlc2VQ==",
        "dependencies": {
          "SoundFlow": "1.4.0"
        }
      },
      "Spectre.Console": {
        "type": "CentralTransitive",
        "requested": "[0.54.0, )",
        "resolved": "0.54.0",
        "contentHash": "StDXCFayfy0yB1xzUHT2tgEpV1/HFTiS4JgsAQS49EYTfMixSwwucaQs/bIOCwXjWwIQTMuxjUIxcB5XsJkFJA=="
      },
      "System.Drawing.Common": {
        "type": "CentralTransitive",
        "requested": "[7.0.0, )",
        "resolved": "7.0.0",
        "contentHash": "KIX+oBU38pxkKPxvLcLfIkOV5Ien8ReN78wro7OF5/erwcmortzeFx+iBswlh2Vz6gVne0khocQudGwaO1Ey6A==",
        "dependencies": {
          "Microsoft.Win32.SystemEvents": "7.0.0"
        }
      },
      "System.Security.Cryptography.ProtectedData": {
        "type": "CentralTransitive",
        "requested": "[10.0.0, )",
        "resolved": "10.0.0",
        "contentHash": "qy6C3gQRTrfhFfuiIYU1jNwWfFdJpBVo1BARW7jgMm1zTEm3LRzLLyOLJGaAuKE+nZCGkEP71y4rj9NWjqLGdQ=="
      },
      "TruckLib.HashFs": {
        "type": "CentralTransitive",
        "requested": "[0.1.18, )",
        "resolved": "0.2.6",
        "contentHash": "LH9pG7zDPV3rjQ8PSA9M5nXWeGaVvrVNwzKMsBg5i8t7WtGp7gNy4NdxiRCURk/+tfTCcscyLwACsJ6WLrcjLQ==",
        "dependencies": {
          "GisDeflate": "1.0.2",
          "System.IO.Hashing": "10.0.8",
          "TruckLib.Models": "0.4.2"
        }
      },
      "TruckLib.Sii": {
        "type": "CentralTransitive",
        "requested": "[0.1.13, )",
        "resolved": "0.2.1",
        "contentHash": "VuRKbHjAz1OCpHiqhf++g7MzRc2C/L0sVn+yvH5nwL3frHIpn0arNJ7W+nUX/7qtwFH2H52oJXK/x5JjxMKmuA==",
        "dependencies": {
          "Sprache": "2.3.1",
          "TruckLib.Core": "0.3.0"
        }
      },
      "Velopack": {
        "type": "CentralTransitive",
        "requested": "[0.0.1298, )",
        "resolved": "0.0.1298",
        "contentHash": "PJ6Nm28qJ4ChsHYzgHUJ8g+DGyyHes2+bwxY709+znMhgi8fMp8M1FTF8x6pZMjnsPCWVwoMlxVEyq0NLeRZtA==",
        "dependencies": {
          "NuGet.Versioning": "6.14.0"
        }
      }
    }
  }
}